
Microsoft Visual Studio Solution File, Format Version 12.00
# Visual Studio Version 17
VisualStudioVersion = 17.0.31903.59
MinimumVisualStudioVersion = 10.0.40219.1
Project("{2150E333-8FDC-42A3-9474-1A3956D46DE8}") = "tests", "tests", "{5A6FC541-A142-412D-BE81-5692CD462AFD}"
EndProject
Project("{FAE04EC0-301F-11D3-BF4B-00C04F79EFBC}") = "TheWatch.Shared", "TheWatch.Shared\TheWatch.Shared.csproj", "{9FC11F6E-6435-4159-A5D7-70A485F0AD02}"
EndProject
Project("{FAE04EC0-301F-11D3-BF4B-00C04F79EFBC}") = "TheWatch.Generators", "TheWatch.Generators\TheWatch.Generators.csproj", "{0EAAFF26-5F2A-4643-B066-030516C5989C}"
EndProject
Project("{FAE04EC0-301F-11D3-BF4B-00C04F79EFBC}") = "TheWatch.P1.CoreGateway", "TheWatch.P1.CoreGateway\TheWatch.P1.CoreGateway.csproj", "{F09CF144-7F47-4C5B-8DA8-14D705B8A4AB}"
EndProject
Project("{FAE04EC0-301F-11D3-BF4B-00C04F79EFBC}") = "TheWatch.P2.VoiceEmergency", "TheWatch.P2.VoiceEmergency\TheWatch.P2.VoiceEmergency.csproj", "{23192420-28B9-4266-B620-203E3DA13447}"
EndProject
Project("{FAE04EC0-301F-11D3-BF4B-00C04F79EFBC}") = "TheWatch.P3.MeshNetwork", "TheWatch.P3.MeshNetwork\TheWatch.P3.MeshNetwork.csproj", "{BB3E4444-FF3B-4B25-AC36-857E7D42834B}"
EndProject
Project("{FAE04EC0-301F-11D3-BF4B-00C04F79EFBC}") = "TheWatch.P4.Wearable", "TheWatch.P4.Wearable\TheWatch.P4.Wearable.csproj", "{AC2897C0-69E2-428B-B14D-293C5C91443D}"
EndProject
Project("{FAE04EC0-301F-11D3-BF4B-00C04F79EFBC}") = "TheWatch.P5.AuthSecurity", "TheWatch.P5.AuthSecurity\TheWatch.P5.AuthSecurity.csproj", "{1A5DFEF0-4AE3-405B-A1B2-B78BD6A74E00}"
EndProject
Project("{FAE04EC0-301F-11D3-BF4B-00C04F79EFBC}") = "TheWatch.P6.FirstResponder", "TheWatch.P6.FirstResponder\TheWatch.P6.FirstResponder.csproj", "{1EE3A3FA-0D84-4A6D-8F9A-D3A0060B09BF}"
EndProject
Project("{FAE04EC0-301F-11D3-BF4B-00C04F79EFBC}") = "TheWatch.P7.FamilyHealth", "TheWatch.P7.FamilyHealth\TheWatch.P7.FamilyHealth.csproj", "{39B9EF9D-E635-4744-852E-8F077DA3525D}"
EndProject
Project("{FAE04EC0-301F-11D3-BF4B-00C04F79EFBC}") = "TheWatch.P8.DisasterRelief", "TheWatch.P8.DisasterRelief\TheWatch.P8.DisasterRelief.csproj", "{27675D80-D6A7-4D89-98FA-D660DBCE81EB}"
EndProject
Project("{FAE04EC0-301F-11D3-BF4B-00C04F79EFBC}") = "TheWatch.P9.DoctorServices", "TheWatch.P9.DoctorServices\TheWatch.P9.DoctorServices.csproj", "{C079E84B-7AED-4F61-8993-4186549645C3}"
EndProject
Project("{FAE04EC0-301F-11D3-BF4B-00C04F79EFBC}") = "TheWatch.P10.Gamification", "TheWatch.P10.Gamification\TheWatch.P10.Gamification.csproj", "{70F37644-1830-4E3A-80FA-99E4CB71CF14}"
EndProject
Project("{FAE04EC0-301F-11D3-BF4B-00C04F79EFBC}") = "TheWatch.Aspire.AppHost", "TheWatch.Aspire.AppHost\TheWatch.Aspire.AppHost.csproj", "{3585EC5E-2207-4BD6-A20F-3B0983B7EB4A}"
EndProject
Project("{FAE04EC0-301F-11D3-BF4B-00C04F79EFBC}") = "TheWatch.Aspire.ServiceDefaults", "TheWatch.Aspire.ServiceDefaults\TheWatch.Aspire.ServiceDefaults.csproj", "{C4CFF86A-BBF5-463A-B83A-7A3ECEDF1734}"
EndProject
Project("{FAE04EC0-301F-11D3-BF4B-00C04F79EFBC}") = "TheWatch.P1.CoreGateway.Tests", "TheWatch.P1.CoreGateway.Tests\TheWatch.P1.CoreGateway.Tests.csproj", "{B234ADD8-B8CD-4649-894D-DC48E2A47739}"
EndProject
Project("{FAE04EC0-301F-11D3-BF4B-00C04F79EFBC}") = "TheWatch.P2.VoiceEmergency.Tests", "TheWatch.P2.VoiceEmergency.Tests\TheWatch.P2.VoiceEmergency.Tests.csproj", "{60D3FF03-5754-40A7-AC08-5429DC26109F}"
EndProject
Project("{FAE04EC0-301F-11D3-BF4B-00C04F79EFBC}") = "TheWatch.P3.MeshNetwork.Tests", "TheWatch.P3.MeshNetwork.Tests\TheWatch.P3.MeshNetwork.Tests.csproj", "{5CE7F504-2F6B-47DC-A600-466F9F0D398B}"
EndProject
Project("{FAE04EC0-301F-11D3-BF4B-00C04F79EFBC}") = "TheWatch.P4.Wearable.Tests", "TheWatch.P4.Wearable.Tests\TheWatch.P4.Wearable.Tests.csproj", "{C07A8C15-8981-41A3-8508-5F44F44FBEB4}"
EndProject
Project("{FAE04EC0-301F-11D3-BF4B-00C04F79EFBC}") = "TheWatch.P5.AuthSecurity.Tests", "TheWatch.P5.AuthSecurity.Tests\TheWatch.P5.AuthSecurity.Tests.csproj", "{E6BA4609-3167-49CE-9EFD-71E2BB5C341B}"
EndProject
Project("{FAE04EC0-301F-11D3-BF4B-00C04F79EFBC}") = "TheWatch.P6.FirstResponder.Tests", "TheWatch.P6.FirstResponder.Tests\TheWatch.P6.FirstResponder.Tests.csproj", "{10747341-7D94-4EA9-B0C5-74A81B302B88}"
EndProject
Project("{FAE04EC0-301F-11D3-BF4B-00C04F79EFBC}") = "TheWatch.P7.FamilyHealth.Tests", "TheWatch.P7.FamilyHealth.Tests\TheWatch.P7.FamilyHealth.Tests.csproj", "{2D890373-2362-46F6-B54B-8330F9E9E16F}"
EndProject
Project("{FAE04EC0-301F-11D3-BF4B-00C04F79EFBC}") = "TheWatch.P8.DisasterRelief.Tests", "TheWatch.P8.DisasterRelief.Tests\TheWatch.P8.DisasterRelief.Tests.csproj", "{36DB9B39-7342-4930-AD44-5804DA2DBCB1}"
EndProject
Project("{FAE04EC0-301F-11D3-BF4B-00C04F79EFBC}") = "TheWatch.P9.DoctorServices.Tests", "TheWatch.P9.DoctorServices.Tests\TheWatch.P9.DoctorServices.Tests.csproj", "{87DF5A57-F51D-4E7C-AF1B-68DA6FCD0DBB}"
EndProject
Project("{FAE04EC0-301F-11D3-BF4B-00C04F79EFBC}") = "TheWatch.P10.Gamification.Tests", "TheWatch.P10.Gamification.Tests\TheWatch.P10.Gamification.Tests.csproj", "{BB7BF08D-8838-42BD-835B-1B35989AE932}"
EndProject
Project("{FAE04EC0-301F-11D3-BF4B-00C04F79EFBC}") = "TheWatch.Dashboard", "TheWatch.Dashboard\TheWatch.Dashboard.csproj", "{3EB3CDBB-B3FB-475A-885E-BD87B56229C6}"
EndProject
Project("{FAE04EC0-301F-11D3-BF4B-00C04F79EFBC}") = "TheWatch.Mobile", "TheWatch.Mobile\TheWatch.Mobile.csproj", "{2F7BD415-9915-4726-B1DE-5BB9314B88FA}"
EndProject
Project("{FAE04EC0-301F-11D3-BF4B-00C04F79EFBC}") = "TheWatch.Mobile.Tests", "TheWatch.Mobile.Tests\TheWatch.Mobile.Tests.csproj", "{267FEAE7-6FE5-4852-A184-DE5A74053E40}"
EndProject
Project("{FAE04EC0-301F-11D3-BF4B-00C04F79EFBC}") = "TheWatch.Geospatial", "TheWatch.Geospatial\TheWatch.Geospatial.csproj", "{8FCFC787-5704-4978-801D-9875E1A79D6C}"
EndProject
Project("{FAE04EC0-301F-11D3-BF4B-00C04F79EFBC}") = "TheWatch.Geospatial.Tests", "TheWatch.Geospatial.Tests\TheWatch.Geospatial.Tests.csproj", "{2438A61B-9D39-45EC-B45A-6B750442A743}"
EndProject
Project("{FAE04EC0-301F-11D3-BF4B-00C04F79EFBC}") = "TheWatch.Admin", "TheWatch.Admin\TheWatch.Admin.csproj", "{96E204F7-F84A-4101-9D53-1B7747CE9AB3}"
EndProject
Project("{2150E333-8FDC-42A3-9474-1A3956D46DE8}") = "contracts", "contracts", "{A73F2606-6D4C-3EEE-1759-0E59DCFEF523}"
EndProject
Project("{FAE04EC0-301F-11D3-BF4B-00C04F79EFBC}") = "TheWatch.Contracts.Abstractions", "TheWatch.Contracts.Abstractions\TheWatch.Contracts.Abstractions.csproj", "{FEE2AE5B-ED03-4C82-AACA-565DB2810F28}"
EndProject
Project("{FAE04EC0-301F-11D3-BF4B-00C04F79EFBC}") = "TheWatch.Contracts.CoreGateway", "TheWatch.Contracts.CoreGateway\TheWatch.Contracts.CoreGateway.csproj", "{0EB37F6B-387F-4FFD-BD8F-E35172D27CA2}"
EndProject
Project("{FAE04EC0-301F-11D3-BF4B-00C04F79EFBC}") = "TheWatch.Contracts.VoiceEmergency", "TheWatch.Contracts.VoiceEmergency\TheWatch.Contracts.VoiceEmergency.csproj", "{E2E158E9-F00A-4B85-AADA-A7D22A7FA4A9}"
EndProject
Project("{FAE04EC0-301F-11D3-BF4B-00C04F79EFBC}") = "TheWatch.Contracts.MeshNetwork", "TheWatch.Contracts.MeshNetwork\TheWatch.Contracts.MeshNetwork.csproj", "{DDD18C44-5BA1-461A-A133-4FC80E5B00CC}"
EndProject
Project("{FAE04EC0-301F-11D3-BF4B-00C04F79EFBC}") = "TheWatch.Contracts.Wearable", "TheWatch.Contracts.Wearable\TheWatch.Contracts.Wearable.csproj", "{3055BA9A-7898-4918-9F27-74886C459CAE}"
EndProject
Project("{FAE04EC0-301F-11D3-BF4B-00C04F79EFBC}") = "TheWatch.Contracts.AuthSecurity", "TheWatch.Contracts.AuthSecurity\TheWatch.Contracts.AuthSecurity.csproj", "{20BDEF61-08C3-4A7F-B690-0C759A89C28A}"
EndProject
Project("{FAE04EC0-301F-11D3-BF4B-00C04F79EFBC}") = "TheWatch.Contracts.FirstResponder", "TheWatch.Contracts.FirstResponder\TheWatch.Contracts.FirstResponder.csproj", "{8434ADDC-6BDE-4DC2-BFD9-F5FEDD02F49E}"
EndProject
Project("{FAE04EC0-301F-11D3-BF4B-00C04F79EFBC}") = "TheWatch.Contracts.FamilyHealth", "TheWatch.Contracts.FamilyHealth\TheWatch.Contracts.FamilyHealth.csproj", "{28AB2CA1-53B3-45D4-BC47-27D50B9BF727}"
EndProject
Project("{FAE04EC0-301F-11D3-BF4B-00C04F79EFBC}") = "TheWatch.Contracts.DisasterRelief", "TheWatch.Contracts.DisasterRelief\TheWatch.Contracts.DisasterRelief.csproj", "{274EF7E4-A110-4820-A128-EA5BACFDA477}"
EndProject
Project("{FAE04EC0-301F-11D3-BF4B-00C04F79EFBC}") = "TheWatch.Contracts.DoctorServices", "TheWatch.Contracts.DoctorServices\TheWatch.Contracts.DoctorServices.csproj", "{3766148F-C777-4217-9C28-39643D4FB111}"
EndProject
Project("{FAE04EC0-301F-11D3-BF4B-00C04F79EFBC}") = "TheWatch.Contracts.Gamification", "TheWatch.Contracts.Gamification\TheWatch.Contracts.Gamification.csproj", "{82BA64B2-D8EC-42C6-B67A-6777BB855A31}"
EndProject
Project("{FAE04EC0-301F-11D3-BF4B-00C04F79EFBC}") = "TheWatch.Contracts.Geospatial", "TheWatch.Contracts.Geospatial\TheWatch.Contracts.Geospatial.csproj", "{80312ECE-7D4A-4646-8B61-2225612047DF}"
EndProject
Project("{FAE04EC0-301F-11D3-BF4B-00C04F79EFBC}") = "TheWatch.Admin.RestAPI", "TheWatch.Admin.RestAPI\TheWatch.Admin.RestAPI.csproj", "{EA961F2B-60E1-4FBD-A30C-F01F7E5BE2CB}"
EndProject
Project("{FAE04EC0-301F-11D3-BF4B-00C04F79EFBC}") = "TheWatch.P11.Surveillance", "TheWatch.P11.Surveillance\TheWatch.P11.Surveillance.csproj", "{A4247165-5364-4FB2-9961-E602257ED48B}"
EndProject
Project("{FAE04EC0-301F-11D3-BF4B-00C04F79EFBC}") = "TheWatch.Contracts.Surveillance", "TheWatch.Contracts.Surveillance\TheWatch.Contracts.Surveillance.csproj", "{0ECCFBD4-C306-4900-AA11-393358503F78}"
EndProject
Project("{FAE04EC0-301F-11D3-BF4B-00C04F79EFBC}") = "TheWatch.P11.Surveillance.Tests", "TheWatch.P11.Surveillance.Tests\TheWatch.P11.Surveillance.Tests.csproj", "{D66F88A0-E63F-4E64-9D4C-CC91477798B7}"
EndProject
Project("{FAE04EC0-301F-11D3-BF4B-00C04F79EFBC}") = "TheWatch.P12.Notifications", "TheWatch.P12.Notifications\TheWatch.P12.Notifications.csproj", "{F1A2B3C4-D5E6-7890-ABCD-EF1234567890}"
EndProject
Project("{FAE04EC0-301F-11D3-BF4B-00C04F79EFBC}") = "TheWatch.P12.Notifications.Tests", "TheWatch.P12.Notifications.Tests\TheWatch.P12.Notifications.Tests.csproj", "{A1B2C3D4-E5F6-7890-ABCD-EF0987654321}"
EndProject
Project("{FAE04EC0-301F-11D3-BF4B-00C04F79EFBC}") = "TheWatch.Contracts.Notifications", "TheWatch.Contracts.Notifications\TheWatch.Contracts.Notifications.csproj", "{B2C3D4E5-F6A7-8901-BCDE-F01234567891}"
EndProject
Project("{FAE04EC0-301F-11D3-BF4B-00C04F79EFBC}") = "TheWatch.Integration.Tests", "TheWatch.Integration.Tests\TheWatch.Integration.Tests.csproj", "{E4EBE9A4-EE05-4D36-BCED-2D9AB6996AB5}"
EndProject
Global
	GlobalSection(SolutionConfigurationPlatforms) = preSolution
		Debug|Any CPU = Debug|Any CPU
		Debug|x64 = Debug|x64
		Debug|x86 = Debug|x86
		Release|Any CPU = Release|Any CPU
		Release|x64 = Release|x64
		Release|x86 = Release|x86
	EndGlobalSection
	GlobalSection(ProjectConfigurationPlatforms) = postSolution
		{9FC11F6E-6435-4159-A5D7-70A485F0AD02}.Debug|Any CPU.ActiveCfg = Debug|Any CPU
		{9FC11F6E-6435-4159-A5D7-70A485F0AD02}.Debug|Any CPU.Build.0 = Debug|Any CPU
		{9FC11F6E-6435-4159-A5D7-70A485F0AD02}.Debug|x64.ActiveCfg = Debug|Any CPU
		{9FC11F6E-6435-4159-A5D7-70A485F0AD02}.Debug|x64.Build.0 = Debug|Any CPU
		{9FC11F6E-6435-4159-A5D7-70A485F0AD02}.Debug|x86.ActiveCfg = Debug|Any CPU
		{9FC11F6E-6435-4159-A5D7-70A485F0AD02}.Debug|x86.Build.0 = Debug|Any CPU
		{9FC11F6E-6435-4159-A5D7-70A485F0AD02}.Release|Any CPU.ActiveCfg = Release|Any CPU
		{9FC11F6E-6435-4159-A5D7-70A485F0AD02}.Release|Any CPU.Build.0 = Release|Any CPU
		{9FC11F6E-6435-4159-A5D7-70A485F0AD02}.Release|x64.ActiveCfg = Release|Any CPU
		{9FC11F6E-6435-4159-A5D7-70A485F0AD02}.Release|x64.Build.0 = Release|Any CPU
		{9FC11F6E-6435-4159-A5D7-70A485F0AD02}.Release|x86.ActiveCfg = Release|Any CPU
		{9FC11F6E-6435-4159-A5D7-70A485F0AD02}.Release|x86.Build.0 = Release|Any CPU
		{0EAAFF26-5F2A-4643-B066-030516C5989C}.Debug|Any CPU.ActiveCfg = Debug|Any CPU
		{0EAAFF26-5F2A-4643-B066-030516C5989C}.Debug|Any CPU.Build.0 = Debug|Any CPU
		{0EAAFF26-5F2A-4643-B066-030516C5989C}.Debug|x64.ActiveCfg = Debug|Any CPU
		{0EAAFF26-5F2A-4643-B066-030516C5989C}.Debug|x64.Build.0 = Debug|Any CPU
		{0EAAFF26-5F2A-4643-B066-030516C5989C}.Debug|x86.ActiveCfg = Debug|Any CPU
		{0EAAFF26-5F2A-4643-B066-030516C5989C}.Debug|x86.Build.0 = Debug|Any CPU
		{0EAAFF26-5F2A-4643-B066-030516C5989C}.Release|Any CPU.ActiveCfg = Release|Any CPU
		{0EAAFF26-5F2A-4643-B066-030516C5989C}.Release|Any CPU.Build.0 = Release|Any CPU
		{0EAAFF26-5F2A-4643-B066-030516C5989C}.Release|x64.ActiveCfg = Release|Any CPU
		{0EAAFF26-5F2A-4643-B066-030516C5989C}.Release|x64.Build.0 = Release|Any CPU
		{0EAAFF26-5F2A-4643-B066-030516C5989C}.Release|x86.ActiveCfg = Release|Any CPU
		{0EAAFF26-5F2A-4643-B066-030516C5989C}.Release|x86.Build.0 = Release|Any CPU
		{F09CF144-7F47-4C5B-8DA8-14D705B8A4AB}.Debug|Any CPU.ActiveCfg = Debug|Any CPU
		{F09CF144-7F47-4C5B-8DA8-14D705B8A4AB}.Debug|Any CPU.Build.0 = Debug|Any CPU
		{F09CF144-7F47-4C5B-8DA8-14D705B8A4AB}.Debug|x64.ActiveCfg = Debug|Any CPU
		{F09CF144-7F47-4C5B-8DA8-14D705B8A4AB}.Debug|x64.Build.0 = Debug|Any CPU
		{F09CF144-7F47-4C5B-8DA8-14D705B8A4AB}.Debug|x86.ActiveCfg = Debug|Any CPU
		{F09CF144-7F47-4C5B-8DA8-14D705B8A4AB}.Debug|x86.Build.0 = Debug|Any CPU
		{F09CF144-7F47-4C5B-8DA8-14D705B8A4AB}.Release|Any CPU.ActiveCfg = Release|Any CPU
		{F09CF144-7F47-4C5B-8DA8-14D705B8A4AB}.Release|Any CPU.Build.0 = Release|Any CPU
		{F09CF144-7F47-4C5B-8DA8-14D705B8A4AB}.Release|x64.ActiveCfg = Release|Any CPU
		{F09CF144-7F47-4C5B-8DA8-14D705B8A4AB}.Release|x64.Build.0 = Release|Any CPU
		{F09CF144-7F47-4C5B-8DA8-14D705B8A4AB}.Release|x86.ActiveCfg = Release|Any CPU
		{F09CF144-7F47-4C5B-8DA8-14D705B8A4AB}.Release|x86.Build.0 = Release|Any CPU
		{23192420-28B9-4266-B620-203E3DA13447}.Debug|Any CPU.ActiveCfg = Debug|Any CPU
		{23192420-28B9-4266-B620-203E3DA13447}.Debug|Any CPU.Build.0 = Debug|Any CPU
		{23192420-28B9-4266-B620-203E3DA13447}.Debug|x64.ActiveCfg = Debug|Any CPU
		{23192420-28B9-4266-B620-203E3DA13447}.Debug|x64.Build.0 = Debug|Any CPU
		{23192420-28B9-4266-B620-203E3DA13447}.Debug|x86.ActiveCfg = Debug|Any CPU
		{23192420-28B9-4266-B620-203E3DA13447}.Debug|x86.Build.0 = Debug|Any CPU
		{23192420-28B9-4266-B620-203E3DA13447}.Release|Any CPU.ActiveCfg = Release|Any CPU
		{23192420-28B9-4266-B620-203E3DA13447}.Release|Any CPU.Build.0 = Release|Any CPU
		{23192420-28B9-4266-B620-203E3DA13447}.Release|x64.ActiveCfg = Release|Any CPU
		{23192420-28B9-4266-B620-203E3DA13447}.Release|x64.Build.0 = Release|Any CPU
		{23192420-28B9-4266-B620-203E3DA13447}.Release|x86.ActiveCfg = Release|Any CPU
		{23192420-28B9-4266-B620-203E3DA13447}.Release|x86.Build.0 = Release|Any CPU
		{BB3E4444-FF3B-4B25-AC36-857E7D42834B}.Debug|Any CPU.ActiveCfg = Debug|Any CPU
		{BB3E4444-FF3B-4B25-AC36-857E7D42834B}.Debug|Any CPU.Build.0 = Debug|Any CPU
		{BB3E4444-FF3B-4B25-AC36-857E7D42834B}.Debug|x64.ActiveCfg = Debug|Any CPU
		{BB3E4444-FF3B-4B25-AC36-857E7D42834B}.Debug|x64.Build.0 = Debug|Any CPU
		{BB3E4444-FF3B-4B25-AC36-857E7D42834B}.Debug|x86.ActiveCfg = Debug|Any CPU
		{BB3E4444-FF3B-4B25-AC36-857E7D42834B}.Debug|x86.Build.0 = Debug|Any CPU
		{BB3E4444-FF3B-4B25-AC36-857E7D42834B}.Release|Any CPU.ActiveCfg = Release|Any CPU
		{BB3E4444-FF3B-4B25-AC36-857E7D42834B}.Release|Any CPU.Build.0 = Release|Any CPU
		{BB3E4444-FF3B-4B25-AC36-857E7D42834B}.Release|x64.ActiveCfg = Release|Any CPU
		{BB3E4444-FF3B-4B25-AC36-857E7D42834B}.Release|x64.Build.0 = Release|Any CPU
		{BB3E4444-FF3B-4B25-AC36-857E7D42834B}.Release|x86.ActiveCfg = Release|Any CPU
		{BB3E4444-FF3B-4B25-AC36-857E7D42834B}.Release|x86.Build.0 = Release|Any CPU
		{AC2897C0-69E2-428B-B14D-293C5C91443D}.Debug|Any CPU.ActiveCfg = Debug|Any CPU
		{AC2897C0-69E2-428B-B14D-293C5C91443D}.Debug|Any CPU.Build.0 = Debug|Any CPU
		{AC2897C0-69E2-428B-B14D-293C5C91443D}.Debug|x64.ActiveCfg = Debug|Any CPU
		{AC2897C0-69E2-428B-B14D-293C5C91443D}.Debug|x64.Build.0 = Debug|Any CPU
		{AC2897C0-69E2-428B-B14D-293C5C91443D}.Debug|x86.ActiveCfg = Debug|Any CPU
		{AC2897C0-69E2-428B-B14D-293C5C91443D}.Debug|x86.Build.0 = Debug|Any CPU
		{AC2897C0-69E2-428B-B14D-293C5C91443D}.Release|Any CPU.ActiveCfg = Release|Any CPU
		{AC2897C0-69E2-428B-B14D-293C5C91443D}.Release|Any CPU.Build.0 = Release|Any CPU
		{AC2897C0-69E2-428B-B14D-293C5C91443D}.Release|x64.ActiveCfg = Release|Any CPU
		{AC2897C0-69E2-428B-B14D-293C5C91443D}.Release|x64.Build.0 = Release|Any CPU
		{AC2897C0-69E2-428B-B14D-293C5C91443D}.Release|x86.ActiveCfg = Release|Any CPU
		{AC2897C0-69E2-428B-B14D-293C5C91443D}.Release|x86.Build.0 = Release|Any CPU
		{1A5DFEF0-4AE3-405B-A1B2-B78BD6A74E00}.Debug|Any CPU.ActiveCfg = Debug|Any CPU
		{1A5DFEF0-4AE3-405B-A1B2-B78BD6A74E00}.Debug|Any CPU.Build.0 = Debug|Any CPU
		{1A5DFEF0-4AE3-405B-A1B2-B78BD6A74E00}.Debug|x64.ActiveCfg = Debug|Any CPU
		{1A5DFEF0-4AE3-405B-A1B2-B78BD6A74E00}.Debug|x64.Build.0 = Debug|Any CPU
		{1A5DFEF0-4AE3-405B-A1B2-B78BD6A74E00}.Debug|x86.ActiveCfg = Debug|Any CPU
		{1A5DFEF0-4AE3-405B-A1B2-B78BD6A74E00}.Debug|x86.Build.0 = Debug|Any CPU
		{1A5DFEF0-4AE3-405B-A1B2-B78BD6A74E00}.Release|Any CPU.ActiveCfg = Release|Any CPU
		{1A5DFEF0-4AE3-405B-A1B2-B78BD6A74E00}.Release|Any CPU.Build.0 = Release|Any CPU
		{1A5DFEF0-4AE3-405B-A1B2-B78BD6A74E00}.Release|x64.ActiveCfg = Release|Any CPU
		{1A5DFEF0-4AE3-405B-A1B2-B78BD6A74E00}.Release|x64.Build.0 = Release|Any CPU
		{1A5DFEF0-4AE3-405B-A1B2-B78BD6A74E00}.Release|x86.ActiveCfg = Release|Any CPU
		{1A5DFEF0-4AE3-405B-A1B2-B78BD6A74E00}.Release|x86.Build.0 = Release|Any CPU
		{1EE3A3FA-0D84-4A6D-8F9A-D3A0060B09BF}.Debug|Any CPU.ActiveCfg = Debug|Any CPU
		{1EE3A3FA-0D84-4A6D-8F9A-D3A0060B09BF}.Debug|Any CPU.Build.0 = Debug|Any CPU
		{1EE3A3FA-0D84-4A6D-8F9A-D3A0060B09BF}.Debug|x64.ActiveCfg = Debug|Any CPU
		{1EE3A3FA-0D84-4A6D-8F9A-D3A0060B09BF}.Debug|x64.Build.0 = Debug|Any CPU
		{1EE3A3FA-0D84-4A6D-8F9A-D3A0060B09BF}.Debug|x86.ActiveCfg = Debug|Any CPU
		{1EE3A3FA-0D84-4A6D-8F9A-D3A0060B09BF}.Debug|x86.Build.0 = Debug|Any CPU
		{1EE3A3FA-0D84-4A6D-8F9A-D3A0060B09BF}.Release|Any CPU.ActiveCfg = Release|Any CPU
		{1EE3A3FA-0D84-4A6D-8F9A-D3A0060B09BF}.Release|Any CPU.Build.0 = Release|Any CPU
		{1EE3A3FA-0D84-4A6D-8F9A-D3A0060B09BF}.Release|x64.ActiveCfg = Release|Any CPU
		{1EE3A3FA-0D84-4A6D-8F9A-D3A0060B09BF}.Release|x64.Build.0 = Release|Any CPU
		{1EE3A3FA-0D84-4A6D-8F9A-D3A0060B09BF}.Release|x86.ActiveCfg = Release|Any CPU
		{1EE3A3FA-0D84-4A6D-8F9A-D3A0060B09BF}.Release|x86.Build.0 = Release|Any CPU
		{39B9EF9D-E635-4744-852E-8F077DA3525D}.Debug|Any CPU.ActiveCfg = Debug|Any CPU
		{39B9EF9D-E635-4744-852E-8F077DA3525D}.Debug|Any CPU.Build.0 = Debug|Any CPU
		{39B9EF9D-E635-4744-852E-8F077DA3525D}.Debug|x64.ActiveCfg = Debug|Any CPU
		{39B9EF9D-E635-4744-852E-8F077DA3525D}.Debug|x64.Build.0 = Debug|Any CPU
		{39B9EF9D-E635-4744-852E-8F077DA3525D}.Debug|x86.ActiveCfg = Debug|Any CPU
		{39B9EF9D-E635-4744-852E-8F077DA3525D}.Debug|x86.Build.0 = Debug|Any CPU
		{39B9EF9D-E635-4744-852E-8F077DA3525D}.Release|Any CPU.ActiveCfg = Release|Any CPU
		{39B9EF9D-E635-4744-852E-8F077DA3525D}.Release|Any CPU.Build.0 = Release|Any CPU
		{39B9EF9D-E635-4744-852E-8F077DA3525D}.Release|x64.ActiveCfg = Release|Any CPU
		{39B9EF9D-E635-4744-852E-8F077DA3525D}.Release|x64.Build.0 = Release|Any CPU
		{39B9EF9D-E635-4744-852E-8F077DA3525D}.Release|x86.ActiveCfg = Release|Any CPU
		{39B9EF9D-E635-4744-852E-8F077DA3525D}.Release|x86.Build.0 = Release|Any CPU
		{27675D80-D6A7-4D89-98FA-D660DBCE81EB}.Debug|Any CPU.ActiveCfg = Debug|Any CPU
		{27675D80-D6A7-4D89-98FA-D660DBCE81EB}.Debug|Any CPU.Build.0 = Debug|Any CPU
		{27675D80-D6A7-4D89-98FA-D660DBCE81EB}.Debug|x64.ActiveCfg = Debug|Any CPU
		{27675D80-D6A7-4D89-98FA-D660DBCE81EB}.Debug|x64.Build.0 = Debug|Any CPU
		{27675D80-D6A7-4D89-98FA-D660DBCE81EB}.Debug|x86.ActiveCfg = Debug|Any CPU
		{27675D80-D6A7-4D89-98FA-D660DBCE81EB}.Debug|x86.Build.0 = Debug|Any CPU
		{27675D80-D6A7-4D89-98FA-D660DBCE81EB}.Release|Any CPU.ActiveCfg = Release|Any CPU
		{27675D80-D6A7-4D89-98FA-D660DBCE81EB}.Release|Any CPU.Build.0 = Release|Any CPU
		{27675D80-D6A7-4D89-98FA-D660DBCE81EB}.Release|x64.ActiveCfg = Release|Any CPU
		{27675D80-D6A7-4D89-98FA-D660DBCE81EB}.Release|x64.Build.0 = Release|Any CPU
		{27675D80-D6A7-4D89-98FA-D660DBCE81EB}.Release|x86.ActiveCfg = Release|Any CPU
		{27675D80-D6A7-4D89-98FA-D660DBCE81EB}.Release|x86.Build.0 = Release|Any CPU
		{C079E84B-7AED-4F61-8993-4186549645C3}.Debug|Any CPU.ActiveCfg = Debug|Any CPU
		{C079E84B-7AED-4F61-8993-4186549645C3}.Debug|Any CPU.Build.0 = Debug|Any CPU
		{C079E84B-7AED-4F61-8993-4186549645C3}.Debug|x64.ActiveCfg = Debug|Any CPU
		{C079E84B-7AED-4F61-8993-4186549645C3}.Debug|x64.Build.0 = Debug|Any CPU
		{C079E84B-7AED-4F61-8993-4186549645C3}.Debug|x86.ActiveCfg = Debug|Any CPU
		{C079E84B-7AED-4F61-8993-4186549645C3}.Debug|x86.Build.0 = Debug|Any CPU
		{C079E84B-7AED-4F61-8993-4186549645C3}.Release|Any CPU.ActiveCfg = Release|Any CPU
		{C079E84B-7AED-4F61-8993-4186549645C3}.Release|Any CPU.Build.0 = Release|Any CPU
		{C079E84B-7AED-4F61-8993-4186549645C3}.Release|x64.ActiveCfg = Release|Any CPU
		{C079E84B-7AED-4F61-8993-4186549645C3}.Release|x64.Build.0 = Release|Any CPU
		{C079E84B-7AED-4F61-8993-4186549645C3}.Release|x86.ActiveCfg = Release|Any CPU
		{C079E84B-7AED-4F61-8993-4186549645C3}.Release|x86.Build.0 = Release|Any CPU
		{70F37644-1830-4E3A-80FA-99E4CB71CF14}.Debug|Any CPU.ActiveCfg = Debug|Any CPU
		{70F37644-1830-4E3A-80FA-99E4CB71CF14}.Debug|Any CPU.Build.0 = Debug|Any CPU
		{70F37644-1830-4E3A-80FA-99E4CB71CF14}.Debug|x64.ActiveCfg = Debug|Any CPU
		{70F37644-1830-4E3A-80FA-99E4CB71CF14}.Debug|x64.Build.0 = Debug|Any CPU
		{70F37644-1830-4E3A-80FA-99E4CB71CF14}.Debug|x86.ActiveCfg = Debug|Any CPU
		{70F37644-1830-4E3A-80FA-99E4CB71CF14}.Debug|x86.Build.0 = Debug|Any CPU
		{70F37644-1830-4E3A-80FA-99E4CB71CF14}.Release|Any CPU.ActiveCfg = Release|Any CPU
		{70F37644-1830-4E3A-80FA-99E4CB71CF14}.Release|Any CPU.Build.0 = Release|Any CPU
		{70F37644-1830-4E3A-80FA-99E4CB71CF14}.Release|x64.ActiveCfg = Release|Any CPU
		{70F37644-1830-4E3A-80FA-99E4CB71CF14}.Release|x64.Build.0 = Release|Any CPU
		{70F37644-1830-4E3A-80FA-99E4CB71CF14}.Release|x86.ActiveCfg = Release|Any CPU
		{70F37644-1830-4E3A-80FA-99E4CB71CF14}.Release|x86.Build.0 = Release|Any CPU
		{3585EC5E-2207-4BD6-A20F-3B0983B7EB4A}.Debug|Any CPU.ActiveCfg = Debug|Any CPU
		{3585EC5E-2207-4BD6-A20F-3B0983B7EB4A}.Debug|Any CPU.Build.0 = Debug|Any CPU
		{3585EC5E-2207-4BD6-A20F-3B0983B7EB4A}.Debug|x64.ActiveCfg = Debug|Any CPU
		{3585EC5E-2207-4BD6-A20F-3B0983B7EB4A}.Debug|x64.Build.0 = Debug|Any CPU
		{3585EC5E-2207-4BD6-A20F-3B0983B7EB4A}.Debug|x86.ActiveCfg = Debug|Any CPU
		{3585EC5E-2207-4BD6-A20F-3B0983B7EB4A}.Debug|x86.Build.0 = Debug|Any CPU
		{3585EC5E-2207-4BD6-A20F-3B0983B7EB4A}.Release|Any CPU.ActiveCfg = Release|Any CPU
		{3585EC5E-2207-4BD6-A20F-3B0983B7EB4A}.Release|Any CPU.Build.0 = Release|Any CPU
		{3585EC5E-2207-4BD6-A20F-3B0983B7EB4A}.Release|x64.ActiveCfg = Release|Any CPU
		{3585EC5E-2207-4BD6-A20F-3B0983B7EB4A}.Release|x64.Build.0 = Release|Any CPU
		{3585EC5E-2207-4BD6-A20F-3B0983B7EB4A}.Release|x86.ActiveCfg = Release|Any CPU
		{3585EC5E-2207-4BD6-A20F-3B0983B7EB4A}.Release|x86.Build.0 = Release|Any CPU
		{C4CFF86A-BBF5-463A-B83A-7A3ECEDF1734}.Debug|Any CPU.ActiveCfg = Debug|Any CPU
		{C4CFF86A-BBF5-463A-B83A-7A3ECEDF1734}.Debug|Any CPU.Build.0 = Debug|Any CPU
		{C4CFF86A-BBF5-463A-B83A-7A3ECEDF1734}.Debug|x64.ActiveCfg = Debug|Any CPU
		{C4CFF86A-BBF5-463A-B83A-7A3ECEDF1734}.Debug|x64.Build.0 = Debug|Any CPU
		{C4CFF86A-BBF5-463A-B83A-7A3ECEDF1734}.Debug|x86.ActiveCfg = Debug|Any CPU
		{C4CFF86A-BBF5-463A-B83A-7A3ECEDF1734}.Debug|x86.Build.0 = Debug|Any CPU
		{C4CFF86A-BBF5-463A-B83A-7A3ECEDF1734}.Release|Any CPU.ActiveCfg = Release|Any CPU
		{C4CFF86A-BBF5-463A-B83A-7A3ECEDF1734}.Release|Any CPU.Build.0 = Release|Any CPU
		{C4CFF86A-BBF5-463A-B83A-7A3ECEDF1734}.Release|x64.ActiveCfg = Release|Any CPU
		{C4CFF86A-BBF5-463A-B83A-7A3ECEDF1734}.Release|x64.Build.0 = Release|Any CPU
		{C4CFF86A-BBF5-463A-B83A-7A3ECEDF1734}.Release|x86.ActiveCfg = Release|Any CPU
		{C4CFF86A-BBF5-463A-B83A-7A3ECEDF1734}.Release|x86.Build.0 = Release|Any CPU
		{B234ADD8-B8CD-4649-894D-DC48E2A47739}.Debug|Any CPU.ActiveCfg = Debug|Any CPU
		{B234ADD8-B8CD-4649-894D-DC48E2A47739}.Debug|Any CPU.Build.0 = Debug|Any CPU
		{B234ADD8-B8CD-4649-894D-DC48E2A47739}.Debug|x64.ActiveCfg = Debug|Any CPU
		{B234ADD8-B8CD-4649-894D-DC48E2A47739}.Debug|x64.Build.0 = Debug|Any CPU
		{B234ADD8-B8CD-4649-894D-DC48E2A47739}.Debug|x86.ActiveCfg = Debug|Any CPU
		{B234ADD8-B8CD-4649-894D-DC48E2A47739}.Debug|x86.Build.0 = Debug|Any CPU
		{B234ADD8-B8CD-4649-894D-DC48E2A47739}.Release|Any CPU.ActiveCfg = Release|Any CPU
		{B234ADD8-B8CD-4649-894D-DC48E2A47739}.Release|Any CPU.Build.0 = Release|Any CPU
		{B234ADD8-B8CD-4649-894D-DC48E2A47739}.Release|x64.ActiveCfg = Release|Any CPU
		{B234ADD8-B8CD-4649-894D-DC48E2A47739}.Release|x64.Build.0 = Release|Any CPU
		{B234ADD8-B8CD-4649-894D-DC48E2A47739}.Release|x86.ActiveCfg = Release|Any CPU
		{B234ADD8-B8CD-4649-894D-DC48E2A47739}.Release|x86.Build.0 = Release|Any CPU
		{60D3FF03-5754-40A7-AC08-5429DC26109F}.Debug|Any CPU.ActiveCfg = Debug|Any CPU
		{60D3FF03-5754-40A7-AC08-5429DC26109F}.Debug|Any CPU.Build.0 = Debug|Any CPU
		{60D3FF03-5754-40A7-AC08-5429DC26109F}.Debug|x64.ActiveCfg = Debug|Any CPU
		{60D3FF03-5754-40A7-AC08-5429DC26109F}.Debug|x64.Build.0 = Debug|Any CPU
		{60D3FF03-5754-40A7-AC08-5429DC26109F}.Debug|x86.ActiveCfg = Debug|Any CPU
		{60D3FF03-5754-40A7-AC08-5429DC26109F}.Debug|x86.Build.0 = Debug|Any CPU
		{60D3FF03-5754-40A7-AC08-5429DC26109F}.Release|Any CPU.ActiveCfg = Release|Any CPU
		{60D3FF03-5754-40A7-AC08-5429DC26109F}.Release|Any CPU.Build.0 = Release|Any CPU
		{60D3FF03-5754-40A7-AC08-5429DC26109F}.Release|x64.ActiveCfg = Release|Any CPU
		{60D3FF03-5754-40A7-AC08-5429DC26109F}.Release|x64.Build.0 = Release|Any CPU
		{60D3FF03-5754-40A7-AC08-5429DC26109F}.Release|x86.ActiveCfg = Release|Any CPU
		{60D3FF03-5754-40A7-AC08-5429DC26109F}.Release|x86.Build.0 = Release|Any CPU
		{5CE7F504-2F6B-47DC-A600-466F9F0D398B}.Debug|Any CPU.ActiveCfg = Debug|Any CPU
		{5CE7F504-2F6B-47DC-A600-466F9F0D398B}.Debug|Any CPU.Build.0 = Debug|Any CPU
		{5CE7F504-2F6B-47DC-A600-466F9F0D398B}.Debug|x64.ActiveCfg = Debug|Any CPU
		{5CE7F504-2F6B-47DC-A600-466F9F0D398B}.Debug|x64.Build.0 = Debug|Any CPU
		{5CE7F504-2F6B-47DC-A600-466F9F0D398B}.Debug|x86.ActiveCfg = Debug|Any CPU
		{5CE7F504-2F6B-47DC-A600-466F9F0D398B}.Debug|x86.Build.0 = Debug|Any CPU
		{5CE7F504-2F6B-47DC-A600-466F9F0D398B}.Release|Any CPU.ActiveCfg = Release|Any CPU
		{5CE7F504-2F6B-47DC-A600-466F9F0D398B}.Release|Any CPU.Build.0 = Release|Any CPU
		{5CE7F504-2F6B-47DC-A600-466F9F0D398B}.Release|x64.ActiveCfg = Release|Any CPU
		{5CE7F504-2F6B-47DC-A600-466F9F0D398B}.Release|x64.Build.0 = Release|Any CPU
		{5CE7F504-2F6B-47DC-A600-466F9F0D398B}.Release|x86.ActiveCfg = Release|Any CPU
		{5CE7F504-2F6B-47DC-A600-466F9F0D398B}.Release|x86.Build.0 = Release|Any CPU
		{C07A8C15-8981-41A3-8508-5F44F44FBEB4}.Debug|Any CPU.ActiveCfg = Debug|Any CPU
		{C07A8C15-8981-41A3-8508-5F44F44FBEB4}.Debug|Any CPU.Build.0 = Debug|Any CPU
		{C07A8C15-8981-41A3-8508-5F44F44FBEB4}.Debug|x64.ActiveCfg = Debug|Any CPU
		{C07A8C15-8981-41A3-8508-5F44F44FBEB4}.Debug|x64.Build.0 = Debug|Any CPU
		{C07A8C15-8981-41A3-8508-5F44F44FBEB4}.Debug|x86.ActiveCfg = Debug|Any CPU
		{C07A8C15-8981-41A3-8508-5F44F44FBEB4}.Debug|x86.Build.0 = Debug|Any CPU
		{C07A8C15-8981-41A3-8508-5F44F44FBEB4}.Release|Any CPU.ActiveCfg = Release|Any CPU
		{C07A8C15-8981-41A3-8508-5F44F44FBEB4}.Release|Any CPU.Build.0 = Release|Any CPU
		{C07A8C15-8981-41A3-8508-5F44F44FBEB4}.Release|x64.ActiveCfg = Release|Any CPU
		{C07A8C15-8981-41A3-8508-5F44F44FBEB4}.Release|x64.Build.0 = Release|Any CPU
		{C07A8C15-8981-41A3-8508-5F44F44FBEB4}.Release|x86.ActiveCfg = Release|Any CPU
		{C07A8C15-8981-41A3-8508-5F44F44FBEB4}.Release|x86.Build.0 = Release|Any CPU
		{E6BA4609-3167-49CE-9EFD-71E2BB5C341B}.Debug|Any CPU.ActiveCfg = Debug|Any CPU
		{E6BA4609-3167-49CE-9EFD-71E2BB5C341B}.Debug|Any CPU.Build.0 = Debug|Any CPU
		{E6BA4609-3167-49CE-9EFD-71E2BB5C341B}.Debug|x64.ActiveCfg = Debug|Any CPU
		{E6BA4609-3167-49CE-9EFD-71E2BB5C341B}.Debug|x64.Build.0 = Debug|Any CPU
		{E6BA4609-3167-49CE-9EFD-71E2BB5C341B}.Debug|x86.ActiveCfg = Debug|Any CPU
		{E6BA4609-3167-49CE-9EFD-71E2BB5C341B}.Debug|x86.Build.0 = Debug|Any CPU
		{E6BA4609-3167-49CE-9EFD-71E2BB5C341B}.Release|Any CPU.ActiveCfg = Release|Any CPU
		{E6BA4609-3167-49CE-9EFD-71E2BB5C341B}.Release|Any CPU.Build.0 = Release|Any CPU
		{E6BA4609-3167-49CE-9EFD-71E2BB5C341B}.Release|x64.ActiveCfg = Release|Any CPU
		{E6BA4609-3167-49CE-9EFD-71E2BB5C341B}.Release|x64.Build.0 = Release|Any CPU
		{E6BA4609-3167-49CE-9EFD-71E2BB5C341B}.Release|x86.ActiveCfg = Release|Any CPU
		{E6BA4609-3167-49CE-9EFD-71E2BB5C341B}.Release|x86.Build.0 = Release|Any CPU
		{10747341-7D94-4EA9-B0C5-74A81B302B88}.Debug|Any CPU.ActiveCfg = Debug|Any CPU
		{10747341-7D94-4EA9-B0C5-74A81B302B88}.Debug|Any CPU.Build.0 = Debug|Any CPU
		{10747341-7D94-4EA9-B0C5-74A81B302B88}.Debug|x64.ActiveCfg = Debug|Any CPU
		{10747341-7D94-4EA9-B0C5-74A81B302B88}.Debug|x64.Build.0 = Debug|Any CPU
		{10747341-7D94-4EA9-B0C5-74A81B302B88}.Debug|x86.ActiveCfg = Debug|Any CPU
		{10747341-7D94-4EA9-B0C5-74A81B302B88}.Debug|x86.Build.0 = Debug|Any CPU
		{10747341-7D94-4EA9-B0C5-74A81B302B88}.Release|Any CPU.ActiveCfg = Release|Any CPU
		{10747341-7D94-4EA9-B0C5-74A81B302B88}.Release|Any CPU.Build.0 = Release|Any CPU
		{10747341-7D94-4EA9-B0C5-74A81B302B88}.Release|x64.ActiveCfg = Release|Any CPU
		{10747341-7D94-4EA9-B0C5-74A81B302B88}.Release|x64.Build.0 = Release|Any CPU
		{10747341-7D94-4EA9-B0C5-74A81B302B88}.Release|x86.ActiveCfg = Release|Any CPU
		{10747341-7D94-4EA9-B0C5-74A81B302B88}.Release|x86.Build.0 = Release|Any CPU
		{2D890373-2362-46F6-B54B-8330F9E9E16F}.Debug|Any CPU.ActiveCfg = Debug|Any CPU
		{2D890373-2362-46F6-B54B-8330F9E9E16F}.Debug|Any CPU.Build.0 = Debug|Any CPU
		{2D890373-2362-46F6-B54B-8330F9E9E16F}.Debug|x64.ActiveCfg = Debug|Any CPU
		{2D890373-2362-46F6-B54B-8330F9E9E16F}.Debug|x64.Build.0 = Debug|Any CPU
		{2D890373-2362-46F6-B54B-8330F9E9E16F}.Debug|x86.ActiveCfg = Debug|Any CPU
		{2D890373-2362-46F6-B54B-8330F9E9E16F}.Debug|x86.Build.0 = Debug|Any CPU
		{2D890373-2362-46F6-B54B-8330F9E9E16F}.Release|Any CPU.ActiveCfg = Release|Any CPU
		{2D890373-2362-46F6-B54B-8330F9E9E16F}.Release|Any CPU.Build.0 = Release|Any CPU
		{2D890373-2362-46F6-B54B-8330F9E9E16F}.Release|x64.ActiveCfg = Release|Any CPU
		{2D890373-2362-46F6-B54B-8330F9E9E16F}.Release|x64.Build.0 = Release|Any CPU
		{2D890373-2362-46F6-B54B-8330F9E9E16F}.Release|x86.ActiveCfg = Release|Any CPU
		{2D890373-2362-46F6-B54B-8330F9E9E16F}.Release|x86.Build.0 = Release|Any CPU
		{36DB9B39-7342-4930-AD44-5804DA2DBCB1}.Debug|Any CPU.ActiveCfg = Debug|Any CPU
		{36DB9B39-7342-4930-AD44-5804DA2DBCB1}.Debug|Any CPU.Build.0 = Debug|Any CPU
		{36DB9B39-7342-4930-AD44-5804DA2DBCB1}.Debug|x64.ActiveCfg = Debug|Any CPU
		{36DB9B39-7342-4930-AD44-5804DA2DBCB1}.Debug|x64.Build.0 = Debug|Any CPU
		{36DB9B39-7342-4930-AD44-5804DA2DBCB1}.Debug|x86.ActiveCfg = Debug|Any CPU
		{36DB9B39-7342-4930-AD44-5804DA2DBCB1}.Debug|x86.Build.0 = Debug|Any CPU
		{36DB9B39-7342-4930-AD44-5804DA2DBCB1}.Release|Any CPU.ActiveCfg = Release|Any CPU
		{36DB9B39-7342-4930-AD44-5804DA2DBCB1}.Release|Any CPU.Build.0 = Release|Any CPU
		{36DB9B39-7342-4930-AD44-5804DA2DBCB1}.Release|x64.ActiveCfg = Release|Any CPU
		{36DB9B39-7342-4930-AD44-5804DA2DBCB1}.Release|x64.Build.0 = Release|Any CPU
		{36DB9B39-7342-4930-AD44-5804DA2DBCB1}.Release|x86.ActiveCfg = Release|Any CPU
		{36DB9B39-7342-4930-AD44-5804DA2DBCB1}.Release|x86.Build.0 = Release|Any CPU
		{87DF5A57-F51D-4E7C-AF1B-68DA6FCD0DBB}.Debug|Any CPU.ActiveCfg = Debug|Any CPU
		{87DF5A57-F51D-4E7C-AF1B-68DA6FCD0DBB}.Debug|Any CPU.Build.0 = Debug|Any CPU
		{87DF5A57-F51D-4E7C-AF1B-68DA6FCD0DBB}.Debug|x64.ActiveCfg = Debug|Any CPU
		{87DF5A57-F51D-4E7C-AF1B-68DA6FCD0DBB}.Debug|x64.Build.0 = Debug|Any CPU
		{87DF5A57-F51D-4E7C-AF1B-68DA6FCD0DBB}.Debug|x86.ActiveCfg = Debug|Any CPU
		{87DF5A57-F51D-4E7C-AF1B-68DA6FCD0DBB}.Debug|x86.Build.0 = Debug|Any CPU
		{87DF5A57-F51D-4E7C-AF1B-68DA6FCD0DBB}.Release|Any CPU.ActiveCfg = Release|Any CPU
		{87DF5A57-F51D-4E7C-AF1B-68DA6FCD0DBB}.Release|Any CPU.Build.0 = Release|Any CPU
		{87DF5A57-F51D-4E7C-AF1B-68DA6FCD0DBB}.Release|x64.ActiveCfg = Release|Any CPU
		{87DF5A57-F51D-4E7C-AF1B-68DA6FCD0DBB}.Release|x64.Build.0 = Release|Any CPU
		{87DF5A57-F51D-4E7C-AF1B-68DA6FCD0DBB}.Release|x86.ActiveCfg = Release|Any CPU
		{87DF5A57-F51D-4E7C-AF1B-68DA6FCD0DBB}.Release|x86.Build.0 = Release|Any CPU
		{BB7BF08D-8838-42BD-835B-1B35989AE932}.Debug|Any CPU.ActiveCfg = Debug|Any CPU
		{BB7BF08D-8838-42BD-835B-1B35989AE932}.Debug|Any CPU.Build.0 = Debug|Any CPU
		{BB7BF08D-8838-42BD-835B-1B35989AE932}.Debug|x64.ActiveCfg = Debug|Any CPU
		{BB7BF08D-8838-42BD-835B-1B35989AE932}.Debug|x64.Build.0 = Debug|Any CPU
		{BB7BF08D-8838-42BD-835B-1B35989AE932}.Debug|x86.ActiveCfg = Debug|Any CPU
		{BB7BF08D-8838-42BD-835B-1B35989AE932}.Debug|x86.Build.0 = Debug|Any CPU
		{BB7BF08D-8838-42BD-835B-1B35989AE932}.Release|Any CPU.ActiveCfg = Release|Any CPU
		{BB7BF08D-8838-42BD-835B-1B35989AE932}.Release|Any CPU.Build.0 = Release|Any CPU
		{BB7BF08D-8838-42BD-835B-1B35989AE932}.Release|x64.ActiveCfg = Release|Any CPU
		{BB7BF08D-8838-42BD-835B-1B35989AE932}.Release|x64.Build.0 = Release|Any CPU
		{BB7BF08D-8838-42BD-835B-1B35989AE932}.Release|x86.ActiveCfg = Release|Any CPU
		{BB7BF08D-8838-42BD-835B-1B35989AE932}.Release|x86.Build.0 = Release|Any CPU
		{3EB3CDBB-B3FB-475A-885E-BD87B56229C6}.Debug|Any CPU.ActiveCfg = Debug|Any CPU
		{3EB3CDBB-B3FB-475A-885E-BD87B56229C6}.Debug|Any CPU.Build.0 = Debug|Any CPU
		{3EB3CDBB-B3FB-475A-885E-BD87B56229C6}.Debug|x64.ActiveCfg = Debug|Any CPU
		{3EB3CDBB-B3FB-475A-885E-BD87B56229C6}.Debug|x64.Build.0 = Debug|Any CPU
		{3EB3CDBB-B3FB-475A-885E-BD87B56229C6}.Debug|x86.ActiveCfg = Debug|Any CPU
		{3EB3CDBB-B3FB-475A-885E-BD87B56229C6}.Debug|x86.Build.0 = Debug|Any CPU
		{3EB3CDBB-B3FB-475A-885E-BD87B56229C6}.Release|Any CPU.ActiveCfg = Release|Any CPU
		{3EB3CDBB-B3FB-475A-885E-BD87B56229C6}.Release|Any CPU.Build.0 = Release|Any CPU
		{3EB3CDBB-B3FB-475A-885E-BD87B56229C6}.Release|x64.ActiveCfg = Release|Any CPU
		{3EB3CDBB-B3FB-475A-885E-BD87B56229C6}.Release|x64.Build.0 = Release|Any CPU
		{3EB3CDBB-B3FB-475A-885E-BD87B56229C6}.Release|x86.ActiveCfg = Release|Any CPU
		{3EB3CDBB-B3FB-475A-885E-BD87B56229C6}.Release|x86.Build.0 = Release|Any CPU
		{2F7BD415-9915-4726-B1DE-5BB9314B88FA}.Debug|Any CPU.ActiveCfg = Debug|Any CPU
		{2F7BD415-9915-4726-B1DE-5BB9314B88FA}.Debug|Any CPU.Build.0 = Debug|Any CPU
		{2F7BD415-9915-4726-B1DE-5BB9314B88FA}.Debug|x64.ActiveCfg = Debug|Any CPU
		{2F7BD415-9915-4726-B1DE-5BB9314B88FA}.Debug|x64.Build.0 = Debug|Any CPU
		{2F7BD415-9915-4726-B1DE-5BB9314B88FA}.Debug|x86.ActiveCfg = Debug|Any CPU
		{2F7BD415-9915-4726-B1DE-5BB9314B88FA}.Debug|x86.Build.0 = Debug|Any CPU
		{2F7BD415-9915-4726-B1DE-5BB9314B88FA}.Release|Any CPU.ActiveCfg = Release|Any CPU
		{2F7BD415-9915-4726-B1DE-5BB9314B88FA}.Release|Any CPU.Build.0 = Release|Any CPU
		{2F7BD415-9915-4726-B1DE-5BB9314B88FA}.Release|x64.ActiveCfg = Release|Any CPU
		{2F7BD415-9915-4726-B1DE-5BB9314B88FA}.Release|x64.Build.0 = Release|Any CPU
		{2F7BD415-9915-4726-B1DE-5BB9314B88FA}.Release|x86.ActiveCfg = Release|Any CPU
		{2F7BD415-9915-4726-B1DE-5BB9314B88FA}.Release|x86.Build.0 = Release|Any CPU
		{267FEAE7-6FE5-4852-A184-DE5A74053E40}.Debug|Any CPU.ActiveCfg = Debug|Any CPU
		{267FEAE7-6FE5-4852-A184-DE5A74053E40}.Debug|Any CPU.Build.0 = Debug|Any CPU
		{267FEAE7-6FE5-4852-A184-DE5A74053E40}.Debug|x64.ActiveCfg = Debug|Any CPU
		{267FEAE7-6FE5-4852-A184-DE5A74053E40}.Debug|x64.Build.0 = Debug|Any CPU
		{267FEAE7-6FE5-4852-A184-DE5A74053E40}.Debug|x86.ActiveCfg = Debug|Any CPU
		{267FEAE7-6FE5-4852-A184-DE5A74053E40}.Debug|x86.Build.0 = Debug|Any CPU
		{267FEAE7-6FE5-4852-A184-DE5A74053E40}.Release|Any CPU.ActiveCfg = Release|Any CPU
		{267FEAE7-6FE5-4852-A184-DE5A74053E40}.Release|Any CPU.Build.0 = Release|Any CPU
		{267FEAE7-6FE5-4852-A184-DE5A74053E40}.Release|x64.ActiveCfg = Release|Any CPU
		{267FEAE7-6FE5-4852-A184-DE5A74053E40}.Release|x64.Build.0 = Release|Any CPU
		{267FEAE7-6FE5-4852-A184-DE5A74053E40}.Release|x86.ActiveCfg = Release|Any CPU
		{267FEAE7-6FE5-4852-A184-DE5A74053E40}.Release|x86.Build.0 = Release|Any CPU
		{8FCFC787-5704-4978-801D-9875E1A79D6C}.Debug|Any CPU.ActiveCfg = Debug|Any CPU
		{8FCFC787-5704-4978-801D-9875E1A79D6C}.Debug|Any CPU.Build.0 = Debug|Any CPU
		{8FCFC787-5704-4978-801D-9875E1A79D6C}.Debug|x64.ActiveCfg = Debug|Any CPU
		{8FCFC787-5704-4978-801D-9875E1A79D6C}.Debug|x64.Build.0 = Debug|Any CPU
		{8FCFC787-5704-4978-801D-9875E1A79D6C}.Debug|x86.ActiveCfg = Debug|Any CPU
		{8FCFC787-5704-4978-801D-9875E1A79D6C}.Debug|x86.Build.0 = Debug|Any CPU
		{8FCFC787-5704-4978-801D-9875E1A79D6C}.Release|Any CPU.ActiveCfg = Release|Any CPU
		{8FCFC787-5704-4978-801D-9875E1A79D6C}.Release|Any CPU.Build.0 = Release|Any CPU
		{8FCFC787-5704-4978-801D-9875E1A79D6C}.Release|x64.ActiveCfg = Release|Any CPU
		{8FCFC787-5704-4978-801D-9875E1A79D6C}.Release|x64.Build.0 = Release|Any CPU
		{8FCFC787-5704-4978-801D-9875E1A79D6C}.Release|x86.ActiveCfg = Release|Any CPU
		{8FCFC787-5704-4978-801D-9875E1A79D6C}.Release|x86.Build.0 = Release|Any CPU
		{2438A61B-9D39-45EC-B45A-6B750442A743}.Debug|Any CPU.ActiveCfg = Debug|Any CPU
		{2438A61B-9D39-45EC-B45A-6B750442A743}.Debug|Any CPU.Build.0 = Debug|Any CPU
		{2438A61B-9D39-45EC-B45A-6B750442A743}.Debug|x64.ActiveCfg = Debug|Any CPU
		{2438A61B-9D39-45EC-B45A-6B750442A743}.Debug|x64.Build.0 = Debug|Any CPU
		{2438A61B-9D39-45EC-B45A-6B750442A743}.Debug|x86.ActiveCfg = Debug|Any CPU
		{2438A61B-9D39-45EC-B45A-6B750442A743}.Debug|x86.Build.0 = Debug|Any CPU
		{2438A61B-9D39-45EC-B45A-6B750442A743}.Release|Any CPU.ActiveCfg = Release|Any CPU
		{2438A61B-9D39-45EC-B45A-6B750442A743}.Release|Any CPU.Build.0 = Release|Any CPU
		{2438A61B-9D39-45EC-B45A-6B750442A743}.Release|x64.ActiveCfg = Release|Any CPU
		{2438A61B-9D39-45EC-B45A-6B750442A743}.Release|x64.Build.0 = Release|Any CPU
		{2438A61B-9D39-45EC-B45A-6B750442A743}.Release|x86.ActiveCfg = Release|Any CPU
		{2438A61B-9D39-45EC-B45A-6B750442A743}.Release|x86.Build.0 = Release|Any CPU
		{96E204F7-F84A-4101-9D53-1B7747CE9AB3}.Debug|Any CPU.ActiveCfg = Debug|Any CPU
		{96E204F7-F84A-4101-9D53-1B7747CE9AB3}.Debug|Any CPU.Build.0 = Debug|Any CPU
		{96E204F7-F84A-4101-9D53-1B7747CE9AB3}.Debug|x64.ActiveCfg = Debug|Any CPU
		{96E204F7-F84A-4101-9D53-1B7747CE9AB3}.Debug|x64.Build.0 = Debug|Any CPU
		{96E204F7-F84A-4101-9D53-1B7747CE9AB3}.Debug|x86.ActiveCfg = Debug|Any CPU
		{96E204F7-F84A-4101-9D53-1B7747CE9AB3}.Debug|x86.Build.0 = Debug|Any CPU
		{96E204F7-F84A-4101-9D53-1B7747CE9AB3}.Release|Any CPU.ActiveCfg = Release|Any CPU
		{96E204F7-F84A-4101-9D53-1B7747CE9AB3}.Release|Any CPU.Build.0 = Release|Any CPU
		{96E204F7-F84A-4101-9D53-1B7747CE9AB3}.Release|x64.ActiveCfg = Release|Any CPU
		{96E204F7-F84A-4101-9D53-1B7747CE9AB3}.Release|x64.Build.0 = Release|Any CPU
		{96E204F7-F84A-4101-9D53-1B7747CE9AB3}.Release|x86.ActiveCfg = Release|Any CPU
		{96E204F7-F84A-4101-9D53-1B7747CE9AB3}.Release|x86.Build.0 = Release|Any CPU
		{FEE2AE5B-ED03-4C82-AACA-565DB2810F28}.Debug|Any CPU.ActiveCfg = Debug|Any CPU
		{FEE2AE5B-ED03-4C82-AACA-565DB2810F28}.Debug|Any CPU.Build.0 = Debug|Any CPU
		{FEE2AE5B-ED03-4C82-AACA-565DB2810F28}.Debug|x64.ActiveCfg = Debug|Any CPU
		{FEE2AE5B-ED03-4C82-AACA-565DB2810F28}.Debug|x64.Build.0 = Debug|Any CPU
		{FEE2AE5B-ED03-4C82-AACA-565DB2810F28}.Debug|x86.ActiveCfg = Debug|Any CPU
		{FEE2AE5B-ED03-4C82-AACA-565DB2810F28}.Debug|x86.Build.0 = Debug|Any CPU
		{FEE2AE5B-ED03-4C82-AACA-565DB2810F28}.Release|Any CPU.ActiveCfg = Release|Any CPU
		{FEE2AE5B-ED03-4C82-AACA-565DB2810F28}.Release|Any CPU.Build.0 = Release|Any CPU
		{FEE2AE5B-ED03-4C82-AACA-565DB2810F28}.Release|x64.ActiveCfg = Release|Any CPU
		{FEE2AE5B-ED03-4C82-AACA-565DB2810F28}.Release|x64.Build.0 = Release|Any CPU
		{FEE2AE5B-ED03-4C82-AACA-565DB2810F28}.Release|x86.ActiveCfg = Release|Any CPU
		{FEE2AE5B-ED03-4C82-AACA-565DB2810F28}.Release|x86.Build.0 = Release|Any CPU
		{0EB37F6B-387F-4FFD-BD8F-E35172D27CA2}.Debug|Any CPU.ActiveCfg = Debug|Any CPU
		{0EB37F6B-387F-4FFD-BD8F-E35172D27CA2}.Debug|Any CPU.Build.0 = Debug|Any CPU
		{0EB37F6B-387F-4FFD-BD8F-E35172D27CA2}.Debug|x64.ActiveCfg = Debug|Any CPU
		{0EB37F6B-387F-4FFD-BD8F-E35172D27CA2}.Debug|x64.Build.0 = Debug|Any CPU
		{0EB37F6B-387F-4FFD-BD8F-E35172D27CA2}.Debug|x86.ActiveCfg = Debug|Any CPU
		{0EB37F6B-387F-4FFD-BD8F-E35172D27CA2}.Debug|x86.Build.0 = Debug|Any CPU
		{0EB37F6B-387F-4FFD-BD8F-E35172D27CA2}.Release|Any CPU.ActiveCfg = Release|Any CPU
		{0EB37F6B-387F-4FFD-BD8F-E35172D27CA2}.Release|Any CPU.Build.0 = Release|Any CPU
		{0EB37F6B-387F-4FFD-BD8F-E35172D27CA2}.Release|x64.ActiveCfg = Release|Any CPU
		{0EB37F6B-387F-4FFD-BD8F-E35172D27CA2}.Release|x64.Build.0 = Release|Any CPU
		{0EB37F6B-387F-4FFD-BD8F-E35172D27CA2}.Release|x86.ActiveCfg = Release|Any CPU
		{0EB37F6B-387F-4FFD-BD8F-E35172D27CA2}.Release|x86.Build.0 = Release|Any CPU
		{E2E158E9-F00A-4B85-AADA-A7D22A7FA4A9}.Debug|Any CPU.ActiveCfg = Debug|Any CPU
		{E2E158E9-F00A-4B85-AADA-A7D22A7FA4A9}.Debug|Any CPU.Build.0 = Debug|Any CPU
		{E2E158E9-F00A-4B85-AADA-A7D22A7FA4A9}.Debug|x64.ActiveCfg = Debug|Any CPU
		{E2E158E9-F00A-4B85-AADA-A7D22A7FA4A9}.Debug|x64.Build.0 = Debug|Any CPU
		{E2E158E9-F00A-4B85-AADA-A7D22A7FA4A9}.Debug|x86.ActiveCfg = Debug|Any CPU
		{E2E158E9-F00A-4B85-AADA-A7D22A7FA4A9}.Debug|x86.Build.0 = Debug|Any CPU
		{E2E158E9-F00A-4B85-AADA-A7D22A7FA4A9}.Release|Any CPU.ActiveCfg = Release|Any CPU
		{E2E158E9-F00A-4B85-AADA-A7D22A7FA4A9}.Release|Any CPU.Build.0 = Release|Any CPU
		{E2E158E9-F00A-4B85-AADA-A7D22A7FA4A9}.Release|x64.ActiveCfg = Release|Any CPU
		{E2E158E9-F00A-4B85-AADA-A7D22A7FA4A9}.Release|x64.Build.0 = Release|Any CPU
		{E2E158E9-F00A-4B85-AADA-A7D22A7FA4A9}.Release|x86.ActiveCfg = Release|Any CPU
		{E2E158E9-F00A-4B85-AADA-A7D22A7FA4A9}.Release|x86.Build.0 = Release|Any CPU
		{DDD18C44-5BA1-461A-A133-4FC80E5B00CC}.Debug|Any CPU.ActiveCfg = Debug|Any CPU
		{DDD18C44-5BA1-461A-A133-4FC80E5B00CC}.Debug|Any CPU.Build.0 = Debug|Any CPU
		{DDD18C44-5BA1-461A-A133-4FC80E5B00CC}.Debug|x64.ActiveCfg = Debug|Any CPU
		{DDD18C44-5BA1-461A-A133-4FC80E5B00CC}.Debug|x64.Build.0 = Debug|Any CPU
		{DDD18C44-5BA1-461A-A133-4FC80E5B00CC}.Debug|x86.ActiveCfg = Debug|Any CPU
		{DDD18C44-5BA1-461A-A133-4FC80E5B00CC}.Debug|x86.Build.0 = Debug|Any CPU
		{DDD18C44-5BA1-461A-A133-4FC80E5B00CC}.Release|Any CPU.ActiveCfg = Release|Any CPU
		{DDD18C44-5BA1-461A-A133-4FC80E5B00CC}.Release|Any CPU.Build.0 = Release|Any CPU
		{DDD18C44-5BA1-461A-A133-4FC80E5B00CC}.Release|x64.ActiveCfg = Release|Any CPU
		{DDD18C44-5BA1-461A-A133-4FC80E5B00CC}.Release|x64.Build.0 = Release|Any CPU
		{DDD18C44-5BA1-461A-A133-4FC80E5B00CC}.Release|x86.ActiveCfg = Release|Any CPU
		{DDD18C44-5BA1-461A-A133-4FC80E5B00CC}.Release|x86.Build.0 = Release|Any CPU
		{3055BA9A-7898-4918-9F27-74886C459CAE}.Debug|Any CPU.ActiveCfg = Debug|Any CPU
		{3055BA9A-7898-4918-9F27-74886C459CAE}.Debug|Any CPU.Build.0 = Debug|Any CPU
		{3055BA9A-7898-4918-9F27-74886C459CAE}.Debug|x64.ActiveCfg = Debug|Any CPU
		{3055BA9A-7898-4918-9F27-74886C459CAE}.Debug|x64.Build.0 = Debug|Any CPU
		{3055BA9A-7898-4918-9F27-74886C459CAE}.Debug|x86.ActiveCfg = Debug|Any CPU
		{3055BA9A-7898-4918-9F27-74886C459CAE}.Debug|x86.Build.0 = Debug|Any CPU
		{3055BA9A-7898-4918-9F27-74886C459CAE}.Release|Any CPU.ActiveCfg = Release|Any CPU
		{3055BA9A-7898-4918-9F27-74886C459CAE}.Release|Any CPU.Build.0 = Release|Any CPU
		{3055BA9A-7898-4918-9F27-74886C459CAE}.Release|x64.ActiveCfg = Release|Any CPU
		{3055BA9A-7898-4918-9F27-74886C459CAE}.Release|x64.Build.0 = Release|Any CPU
		{3055BA9A-7898-4918-9F27-74886C459CAE}.Release|x86.ActiveCfg = Release|Any CPU
		{3055BA9A-7898-4918-9F27-74886C459CAE}.Release|x86.Build.0 = Release|Any CPU
		{20BDEF61-08C3-4A7F-B690-0C759A89C28A}.Debug|Any CPU.ActiveCfg = Debug|Any CPU
		{20BDEF61-08C3-4A7F-B690-0C759A89C28A}.Debug|Any CPU.Build.0 = Debug|Any CPU
		{20BDEF61-08C3-4A7F-B690-0C759A89C28A}.Debug|x64.ActiveCfg = Debug|Any CPU
		{20BDEF61-08C3-4A7F-B690-0C759A89C28A}.Debug|x64.Build.0 = Debug|Any CPU
		{20BDEF61-08C3-4A7F-B690-0C759A89C28A}.Debug|x86.ActiveCfg = Debug|Any CPU
		{20BDEF61-08C3-4A7F-B690-0C759A89C28A}.Debug|x86.Build.0 = Debug|Any CPU
		{20BDEF61-08C3-4A7F-B690-0C759A89C28A}.Release|Any CPU.ActiveCfg = Release|Any CPU
		{20BDEF61-08C3-4A7F-B690-0C759A89C28A}.Release|Any CPU.Build.0 = Release|Any CPU
		{20BDEF61-08C3-4A7F-B690-0C759A89C28A}.Release|x64.ActiveCfg = Release|Any CPU
		{20BDEF61-08C3-4A7F-B690-0C759A89C28A}.Release|x64.Build.0 = Release|Any CPU
		{20BDEF61-08C3-4A7F-B690-0C759A89C28A}.Release|x86.ActiveCfg = Release|Any CPU
		{20BDEF61-08C3-4A7F-B690-0C759A89C28A}.Release|x86.Build.0 = Release|Any CPU
		{8434ADDC-6BDE-4DC2-BFD9-F5FEDD02F49E}.Debug|Any CPU.ActiveCfg = Debug|Any CPU
		{8434ADDC-6BDE-4DC2-BFD9-F5FEDD02F49E}.Debug|Any CPU.Build.0 = Debug|Any CPU
		{8434ADDC-6BDE-4DC2-BFD9-F5FEDD02F49E}.Debug|x64.ActiveCfg = Debug|Any CPU
		{8434ADDC-6BDE-4DC2-BFD9-F5FEDD02F49E}.Debug|x64.Build.0 = Debug|Any CPU
		{8434ADDC-6BDE-4DC2-BFD9-F5FEDD02F49E}.Debug|x86.ActiveCfg = Debug|Any CPU
		{8434ADDC-6BDE-4DC2-BFD9-F5FEDD02F49E}.Debug|x86.Build.0 = Debug|Any CPU
		{8434ADDC-6BDE-4DC2-BFD9-F5FEDD02F49E}.Release|Any CPU.ActiveCfg = Release|Any CPU
		{8434ADDC-6BDE-4DC2-BFD9-F5FEDD02F49E}.Release|Any CPU.Build.0 = Release|Any CPU
		{8434ADDC-6BDE-4DC2-BFD9-F5FEDD02F49E}.Release|x64.ActiveCfg = Release|Any CPU
		{8434ADDC-6BDE-4DC2-BFD9-F5FEDD02F49E}.Release|x64.Build.0 = Release|Any CPU
		{8434ADDC-6BDE-4DC2-BFD9-F5FEDD02F49E}.Release|x86.ActiveCfg = Release|Any CPU
		{8434ADDC-6BDE-4DC2-BFD9-F5FEDD02F49E}.Release|x86.Build.0 = Release|Any CPU
		{28AB2CA1-53B3-45D4-BC47-27D50B9BF727}.Debug|Any CPU.ActiveCfg = Debug|Any CPU
		{28AB2CA1-53B3-45D4-BC47-27D50B9BF727}.Debug|Any CPU.Build.0 = Debug|Any CPU
		{28AB2CA1-53B3-45D4-BC47-27D50B9BF727}.Debug|x64.ActiveCfg = Debug|Any CPU
		{28AB2CA1-53B3-45D4-BC47-27D50B9BF727}.Debug|x64.Build.0 = Debug|Any CPU
		{28AB2CA1-53B3-45D4-BC47-27D50B9BF727}.Debug|x86.ActiveCfg = Debug|Any CPU
		{28AB2CA1-53B3-45D4-BC47-27D50B9BF727}.Debug|x86.Build.0 = Debug|Any CPU
		{28AB2CA1-53B3-45D4-BC47-27D50B9BF727}.Release|Any CPU.ActiveCfg = Release|Any CPU
		{28AB2CA1-53B3-45D4-BC47-27D50B9BF727}.Release|Any CPU.Build.0 = Release|Any CPU
		{28AB2CA1-53B3-45D4-BC47-27D50B9BF727}.Release|x64.ActiveCfg = Release|Any CPU
		{28AB2CA1-53B3-45D4-BC47-27D50B9BF727}.Release|x64.Build.0 = Release|Any CPU
		{28AB2CA1-53B3-45D4-BC47-27D50B9BF727}.Release|x86.ActiveCfg = Release|Any CPU
		{28AB2CA1-53B3-45D4-BC47-27D50B9BF727}.Release|x86.Build.0 = Release|Any CPU
		{274EF7E4-A110-4820-A128-EA5BACFDA477}.Debug|Any CPU.ActiveCfg = Debug|Any CPU
		{274EF7E4-A110-4820-A128-EA5BACFDA477}.Debug|Any CPU.Build.0 = Debug|Any CPU
		{274EF7E4-A110-4820-A128-EA5BACFDA477}.Debug|x64.ActiveCfg = Debug|Any CPU
		{274EF7E4-A110-4820-A128-EA5BACFDA477}.Debug|x64.Build.0 = Debug|Any CPU
		{274EF7E4-A110-4820-A128-EA5BACFDA477}.Debug|x86.ActiveCfg = Debug|Any CPU
		{274EF7E4-A110-4820-A128-EA5BACFDA477}.Debug|x86.Build.0 = Debug|Any CPU
		{274EF7E4-A110-4820-A128-EA5BACFDA477}.Release|Any CPU.ActiveCfg = Release|Any CPU
		{274EF7E4-A110-4820-A128-EA5BACFDA477}.Release|Any CPU.Build.0 = Release|Any CPU
		{274EF7E4-A110-4820-A128-EA5BACFDA477}.Release|x64.ActiveCfg = Release|Any CPU
		{274EF7E4-A110-4820-A128-EA5BACFDA477}.Release|x64.Build.0 = Release|Any CPU
		{274EF7E4-A110-4820-A128-EA5BACFDA477}.Release|x86.ActiveCfg = Release|Any CPU
		{274EF7E4-A110-4820-A128-EA5BACFDA477}.Release|x86.Build.0 = Release|Any CPU
		{3766148F-C777-4217-9C28-39643D4FB111}.Debug|Any CPU.ActiveCfg = Debug|Any CPU
		{3766148F-C777-4217-9C28-39643D4FB111}.Debug|Any CPU.Build.0 = Debug|Any CPU
		{3766148F-C777-4217-9C28-39643D4FB111}.Debug|x64.ActiveCfg = Debug|Any CPU
		{3766148F-C777-4217-9C28-39643D4FB111}.Debug|x64.Build.0 = Debug|Any CPU
		{3766148F-C777-4217-9C28-39643D4FB111}.Debug|x86.ActiveCfg = Debug|Any CPU
		{3766148F-C777-4217-9C28-39643D4FB111}.Debug|x86.Build.0 = Debug|Any CPU
		{3766148F-C777-4217-9C28-39643D4FB111}.Release|Any CPU.ActiveCfg = Release|Any CPU
		{3766148F-C777-4217-9C28-39643D4FB111}.Release|Any CPU.Build.0 = Release|Any CPU
		{3766148F-C777-4217-9C28-39643D4FB111}.Release|x64.ActiveCfg = Release|Any CPU
		{3766148F-C777-4217-9C28-39643D4FB111}.Release|x64.Build.0 = Release|Any CPU
		{3766148F-C777-4217-9C28-39643D4FB111}.Release|x86.ActiveCfg = Release|Any CPU
		{3766148F-C777-4217-9C28-39643D4FB111}.Release|x86.Build.0 = Release|Any CPU
		{82BA64B2-D8EC-42C6-B67A-6777BB855A31}.Debug|Any CPU.ActiveCfg = Debug|Any CPU
		{82BA64B2-D8EC-42C6-B67A-6777BB855A31}.Debug|Any CPU.Build.0 = Debug|Any CPU
		{82BA64B2-D8EC-42C6-B67A-6777BB855A31}.Debug|x64.ActiveCfg = Debug|Any CPU
		{82BA64B2-D8EC-42C6-B67A-6777BB855A31}.Debug|x64.Build.0 = Debug|Any CPU
		{82BA64B2-D8EC-42C6-B67A-6777BB855A31}.Debug|x86.ActiveCfg = Debug|Any CPU
		{82BA64B2-D8EC-42C6-B67A-6777BB855A31}.Debug|x86.Build.0 = Debug|Any CPU
		{82BA64B2-D8EC-42C6-B67A-6777BB855A31}.Release|Any CPU.ActiveCfg = Release|Any CPU
		{82BA64B2-D8EC-42C6-B67A-6777BB855A31}.Release|Any CPU.Build.0 = Release|Any CPU
		{82BA64B2-D8EC-42C6-B67A-6777BB855A31}.Release|x64.ActiveCfg = Release|Any CPU
		{82BA64B2-D8EC-42C6-B67A-6777BB855A31}.Release|x64.Build.0 = Release|Any CPU
		{82BA64B2-D8EC-42C6-B67A-6777BB855A31}.Release|x86.ActiveCfg = Release|Any CPU
		{82BA64B2-D8EC-42C6-B67A-6777BB855A31}.Release|x86.Build.0 = Release|Any CPU
		{80312ECE-7D4A-4646-8B61-2225612047DF}.Debug|Any CPU.ActiveCfg = Debug|Any CPU
		{80312ECE-7D4A-4646-8B61-2225612047DF}.Debug|Any CPU.Build.0 = Debug|Any CPU
		{80312ECE-7D4A-4646-8B61-2225612047DF}.Debug|x64.ActiveCfg = Debug|Any CPU
		{80312ECE-7D4A-4646-8B61-2225612047DF}.Debug|x64.Build.0 = Debug|Any CPU
		{80312ECE-7D4A-4646-8B61-2225612047DF}.Debug|x86.ActiveCfg = Debug|Any CPU
		{80312ECE-7D4A-4646-8B61-2225612047DF}.Debug|x86.Build.0 = Debug|Any CPU
		{80312ECE-7D4A-4646-8B61-2225612047DF}.Release|Any CPU.ActiveCfg = Release|Any CPU
		{80312ECE-7D4A-4646-8B61-2225612047DF}.Release|Any CPU.Build.0 = Release|Any CPU
		{80312ECE-7D4A-4646-8B61-2225612047DF}.Release|x64.ActiveCfg = Release|Any CPU
		{80312ECE-7D4A-4646-8B61-2225612047DF}.Release|x64.Build.0 = Release|Any CPU
		{80312ECE-7D4A-4646-8B61-2225612047DF}.Release|x86.ActiveCfg = Release|Any CPU
		{80312ECE-7D4A-4646-8B61-2225612047DF}.Release|x86.Build.0 = Release|Any CPU
		{EA961F2B-60E1-4FBD-A30C-F01F7E5BE2CB}.Debug|Any CPU.ActiveCfg = Debug|Any CPU
		{EA961F2B-60E1-4FBD-A30C-F01F7E5BE2CB}.Debug|Any CPU.Build.0 = Debug|Any CPU
		{EA961F2B-60E1-4FBD-A30C-F01F7E5BE2CB}.Debug|x64.ActiveCfg = Debug|Any CPU
		{EA961F2B-60E1-4FBD-A30C-F01F7E5BE2CB}.Debug|x64.Build.0 = Debug|Any CPU
		{EA961F2B-60E1-4FBD-A30C-F01F7E5BE2CB}.Debug|x86.ActiveCfg = Debug|Any CPU
		{EA961F2B-60E1-4FBD-A30C-F01F7E5BE2CB}.Debug|x86.Build.0 = Debug|Any CPU
		{EA961F2B-60E1-4FBD-A30C-F01F7E5BE2CB}.Release|Any CPU.ActiveCfg = Release|Any CPU
		{EA961F2B-60E1-4FBD-A30C-F01F7E5BE2CB}.Release|Any CPU.Build.0 = Release|Any CPU
		{EA961F2B-60E1-4FBD-A30C-F01F7E5BE2CB}.Release|x64.ActiveCfg = Release|Any CPU
		{EA961F2B-60E1-4FBD-A30C-F01F7E5BE2CB}.Release|x64.Build.0 = Release|Any CPU
		{EA961F2B-60E1-4FBD-A30C-F01F7E5BE2CB}.Release|x86.ActiveCfg = Release|Any CPU
		{EA961F2B-60E1-4FBD-A30C-F01F7E5BE2CB}.Release|x86.Build.0 = Release|Any CPU
		{A4247165-5364-4FB2-9961-E602257ED48B}.Debug|Any CPU.ActiveCfg = Debug|Any CPU
		{A4247165-5364-4FB2-9961-E602257ED48B}.Debug|Any CPU.Build.0 = Debug|Any CPU
		{A4247165-5364-4FB2-9961-E602257ED48B}.Debug|x64.ActiveCfg = Debug|Any CPU
		{A4247165-5364-4FB2-9961-E602257ED48B}.Debug|x64.Build.0 = Debug|Any CPU
		{A4247165-5364-4FB2-9961-E602257ED48B}.Debug|x86.ActiveCfg = Debug|Any CPU
		{A4247165-5364-4FB2-9961-E602257ED48B}.Debug|x86.Build.0 = Debug|Any CPU
		{A4247165-5364-4FB2-9961-E602257ED48B}.Release|Any CPU.ActiveCfg = Release|Any CPU
		{A4247165-5364-4FB2-9961-E602257ED48B}.Release|Any CPU.Build.0 = Release|Any CPU
		{A4247165-5364-4FB2-9961-E602257ED48B}.Release|x64.ActiveCfg = Release|Any CPU
		{A4247165-5364-4FB2-9961-E602257ED48B}.Release|x64.Build.0 = Release|Any CPU
		{A4247165-5364-4FB2-9961-E602257ED48B}.Release|x86.ActiveCfg = Release|Any CPU
		{A4247165-5364-4FB2-9961-E602257ED48B}.Release|x86.Build.0 = Release|Any CPU
		{0ECCFBD4-C306-4900-AA11-393358503F78}.Debug|Any CPU.ActiveCfg = Debug|Any CPU
		{0ECCFBD4-C306-4900-AA11-393358503F78}.Debug|Any CPU.Build.0 = Debug|Any CPU
		{0ECCFBD4-C306-4900-AA11-393358503F78}.Debug|x64.ActiveCfg = Debug|Any CPU
		{0ECCFBD4-C306-4900-AA11-393358503F78}.Debug|x64.Build.0 = Debug|Any CPU
		{0ECCFBD4-C306-4900-AA11-393358503F78}.Debug|x86.ActiveCfg = Debug|Any CPU
		{0ECCFBD4-C306-4900-AA11-393358503F78}.Debug|x86.Build.0 = Debug|Any CPU
		{0ECCFBD4-C306-4900-AA11-393358503F78}.Release|Any CPU.ActiveCfg = Release|Any CPU
		{0ECCFBD4-C306-4900-AA11-393358503F78}.Release|Any CPU.Build.0 = Release|Any CPU
		{0ECCFBD4-C306-4900-AA11-393358503F78}.Release|x64.ActiveCfg = Release|Any CPU
		{0ECCFBD4-C306-4900-AA11-393358503F78}.Release|x64.Build.0 = Release|Any CPU
		{0ECCFBD4-C306-4900-AA11-393358503F78}.Release|x86.ActiveCfg = Release|Any CPU
		{0ECCFBD4-C306-4900-AA11-393358503F78}.Release|x86.Build.0 = Release|Any CPU
		{D66F88A0-E63F-4E64-9D4C-CC91477798B7}.Debug|Any CPU.ActiveCfg = Debug|Any CPU
		{D66F88A0-E63F-4E64-9D4C-CC91477798B7}.Debug|Any CPU.Build.0 = Debug|Any CPU
		{D66F88A0-E63F-4E64-9D4C-CC91477798B7}.Debug|x64.ActiveCfg = Debug|Any CPU
		{D66F88A0-E63F-4E64-9D4C-CC91477798B7}.Debug|x64.Build.0 = Debug|Any CPU
		{D66F88A0-E63F-4E64-9D4C-CC91477798B7}.Debug|x86.ActiveCfg = Debug|Any CPU
		{D66F88A0-E63F-4E64-9D4C-CC91477798B7}.Debug|x86.Build.0 = Debug|Any CPU
		{D66F88A0-E63F-4E64-9D4C-CC91477798B7}.Release|Any CPU.ActiveCfg = Release|Any CPU
		{D66F88A0-E63F-4E64-9D4C-CC91477798B7}.Release|Any CPU.Build.0 = Release|Any CPU
		{D66F88A0-E63F-4E64-9D4C-CC91477798B7}.Release|x64.ActiveCfg = Release|Any CPU
		{D66F88A0-E63F-4E64-9D4C-CC91477798B7}.Release|x64.Build.0 = Release|Any CPU
		{D66F88A0-E63F-4E64-9D4C-CC91477798B7}.Release|x86.ActiveCfg = Release|Any CPU
		{D66F88A0-E63F-4E64-9D4C-CC91477798B7}.Release|x86.Build.0 = Release|Any CPU
		{F1A2B3C4-D5E6-7890-ABCD-EF1234567890}.Debug|Any CPU.ActiveCfg = Debug|Any CPU
		{F1A2B3C4-D5E6-7890-ABCD-EF1234567890}.Debug|Any CPU.Build.0 = Debug|Any CPU
		{F1A2B3C4-D5E6-7890-ABCD-EF1234567890}.Debug|x64.ActiveCfg = Debug|Any CPU
		{F1A2B3C4-D5E6-7890-ABCD-EF1234567890}.Debug|x64.Build.0 = Debug|Any CPU
		{F1A2B3C4-D5E6-7890-ABCD-EF1234567890}.Debug|x86.ActiveCfg = Debug|Any CPU
		{F1A2B3C4-D5E6-7890-ABCD-EF1234567890}.Debug|x86.Build.0 = Debug|Any CPU
		{F1A2B3C4-D5E6-7890-ABCD-EF1234567890}.Release|Any CPU.ActiveCfg = Release|Any CPU
		{F1A2B3C4-D5E6-7890-ABCD-EF1234567890}.Release|Any CPU.Build.0 = Release|Any CPU
		{F1A2B3C4-D5E6-7890-ABCD-EF1234567890}.Release|x64.ActiveCfg = Release|Any CPU
		{F1A2B3C4-D5E6-7890-ABCD-EF1234567890}.Release|x64.Build.0 = Release|Any CPU
		{F1A2B3C4-D5E6-7890-ABCD-EF1234567890}.Release|x86.ActiveCfg = Release|Any CPU
		{F1A2B3C4-D5E6-7890-ABCD-EF1234567890}.Release|x86.Build.0 = Release|Any CPU
		{A1B2C3D4-E5F6-7890-ABCD-EF0987654321}.Debug|Any CPU.ActiveCfg = Debug|Any CPU
		{A1B2C3D4-E5F6-7890-ABCD-EF0987654321}.Debug|Any CPU.Build.0 = Debug|Any CPU
		{A1B2C3D4-E5F6-7890-ABCD-EF0987654321}.Debug|x64.ActiveCfg = Debug|Any CPU
		{A1B2C3D4-E5F6-7890-ABCD-EF0987654321}.Debug|x64.Build.0 = Debug|Any CPU
		{A1B2C3D4-E5F6-7890-ABCD-EF0987654321}.Debug|x86.ActiveCfg = Debug|Any CPU
		{A1B2C3D4-E5F6-7890-ABCD-EF0987654321}.Debug|x86.Build.0 = Debug|Any CPU
		{A1B2C3D4-E5F6-7890-ABCD-EF0987654321}.Release|Any CPU.ActiveCfg = Release|Any CPU
		{A1B2C3D4-E5F6-7890-ABCD-EF0987654321}.Release|Any CPU.Build.0 = Release|Any CPU
		{A1B2C3D4-E5F6-7890-ABCD-EF0987654321}.Release|x64.ActiveCfg = Release|Any CPU
		{A1B2C3D4-E5F6-7890-ABCD-EF0987654321}.Release|x64.Build.0 = Release|Any CPU
		{A1B2C3D4-E5F6-7890-ABCD-EF0987654321}.Release|x86.ActiveCfg = Release|Any CPU
		{A1B2C3D4-E5F6-7890-ABCD-EF0987654321}.Release|x86.Build.0 = Release|Any CPU
		{B2C3D4E5-F6A7-8901-BCDE-F01234567891}.Debug|Any CPU.ActiveCfg = Debug|Any CPU
		{B2C3D4E5-F6A7-8901-BCDE-F01234567891}.Debug|Any CPU.Build.0 = Debug|Any CPU
		{B2C3D4E5-F6A7-8901-BCDE-F01234567891}.Debug|x64.ActiveCfg = Debug|Any CPU
		{B2C3D4E5-F6A7-8901-BCDE-F01234567891}.Debug|x64.Build.0 = Debug|Any CPU
		{B2C3D4E5-F6A7-8901-BCDE-F01234567891}.Debug|x86.ActiveCfg = Debug|Any CPU
		{B2C3D4E5-F6A7-8901-BCDE-F01234567891}.Debug|x86.Build.0 = Debug|Any CPU
		{B2C3D4E5-F6A7-8901-BCDE-F01234567891}.Release|Any CPU.ActiveCfg = Release|Any CPU
		{B2C3D4E5-F6A7-8901-BCDE-F01234567891}.Release|Any CPU.Build.0 = Release|Any CPU
		{B2C3D4E5-F6A7-8901-BCDE-F01234567891}.Release|x64.ActiveCfg = Release|Any CPU
		{B2C3D4E5-F6A7-8901-BCDE-F01234567891}.Release|x64.Build.0 = Release|Any CPU
		{B2C3D4E5-F6A7-8901-BCDE-F01234567891}.Release|x86.ActiveCfg = Release|Any CPU
		{B2C3D4E5-F6A7-8901-BCDE-F01234567891}.Release|x86.Build.0 = Release|Any CPU
		{E4EBE9A4-EE05-4D36-BCED-2D9AB6996AB5}.Debug|Any CPU.ActiveCfg = Debug|Any CPU
		{E4EBE9A4-EE05-4D36-BCED-2D9AB6996AB5}.Debug|Any CPU.Build.0 = Debug|Any CPU
		{E4EBE9A4-EE05-4D36-BCED-2D9AB6996AB5}.Debug|x64.ActiveCfg = Debug|Any CPU
		{E4EBE9A4-EE05-4D36-BCED-2D9AB6996AB5}.Debug|x64.Build.0 = Debug|Any CPU
		{E4EBE9A4-EE05-4D36-BCED-2D9AB6996AB5}.Debug|x86.ActiveCfg = Debug|Any CPU
		{E4EBE9A4-EE05-4D36-BCED-2D9AB6996AB5}.Debug|x86.Build.0 = Debug|Any CPU
		{E4EBE9A4-EE05-4D36-BCED-2D9AB6996AB5}.Release|Any CPU.ActiveCfg = Release|Any CPU
		{E4EBE9A4-EE05-4D36-BCED-2D9AB6996AB5}.Release|Any CPU.Build.0 = Release|Any CPU
		{E4EBE9A4-EE05-4D36-BCED-2D9AB6996AB5}.Release|x64.ActiveCfg = Release|Any CPU
		{E4EBE9A4-EE05-4D36-BCED-2D9AB6996AB5}.Release|x64.Build.0 = Release|Any CPU
		{E4EBE9A4-EE05-4D36-BCED-2D9AB6996AB5}.Release|x86.ActiveCfg = Release|Any CPU
		{E4EBE9A4-EE05-4D36-BCED-2D9AB6996AB5}.Release|x86.Build.0 = Release|Any CPU
	EndGlobalSection
	GlobalSection(SolutionProperties) = preSolution
		HideSolutionNode = FALSE
	EndGlobalSection
	GlobalSection(NestedProjects) = preSolution
		{B234ADD8-B8CD-4649-894D-DC48E2A47739} = {5A6FC541-A142-412D-BE81-5692CD462AFD}
		{60D3FF03-5754-40A7-AC08-5429DC26109F} = {5A6FC541-A142-412D-BE81-5692CD462AFD}
		{5CE7F504-2F6B-47DC-A600-466F9F0D398B} = {5A6FC541-A142-412D-BE81-5692CD462AFD}
		{C07A8C15-8981-41A3-8508-5F44F44FBEB4} = {5A6FC541-A142-412D-BE81-5692CD462AFD}
		{E6BA4609-3167-49CE-9EFD-71E2BB5C341B} = {5A6FC541-A142-412D-BE81-5692CD462AFD}
		{10747341-7D94-4EA9-B0C5-74A81B302B88} = {5A6FC541-A142-412D-BE81-5692CD462AFD}
		{2D890373-2362-46F6-B54B-8330F9E9E16F} = {5A6FC541-A142-412D-BE81-5692CD462AFD}
		{36DB9B39-7342-4930-AD44-5804DA2DBCB1} = {5A6FC541-A142-412D-BE81-5692CD462AFD}
		{87DF5A57-F51D-4E7C-AF1B-68DA6FCD0DBB} = {5A6FC541-A142-412D-BE81-5692CD462AFD}
		{BB7BF08D-8838-42BD-835B-1B35989AE932} = {5A6FC541-A142-412D-BE81-5692CD462AFD}
		{267FEAE7-6FE5-4852-A184-DE5A74053E40} = {5A6FC541-A142-412D-BE81-5692CD462AFD}
		{2438A61B-9D39-45EC-B45A-6B750442A743} = {5A6FC541-A142-412D-BE81-5692CD462AFD}
		{FEE2AE5B-ED03-4C82-AACA-565DB2810F28} = {A73F2606-6D4C-3EEE-1759-0E59DCFEF523}
		{0EB37F6B-387F-4FFD-BD8F-E35172D27CA2} = {A73F2606-6D4C-3EEE-1759-0E59DCFEF523}
		{E2E158E9-F00A-4B85-AADA-A7D22A7FA4A9} = {A73F2606-6D4C-3EEE-1759-0E59DCFEF523}
		{DDD18C44-5BA1-461A-A133-4FC80E5B00CC} = {A73F2606-6D4C-3EEE-1759-0E59DCFEF523}
		{3055BA9A-7898-4918-9F27-74886C459CAE} = {A73F2606-6D4C-3EEE-1759-0E59DCFEF523}
		{20BDEF61-08C3-4A7F-B690-0C759A89C28A} = {A73F2606-6D4C-3EEE-1759-0E59DCFEF523}
		{8434ADDC-6BDE-4DC2-BFD9-F5FEDD02F49E} = {A73F2606-6D4C-3EEE-1759-0E59DCFEF523}
		{28AB2CA1-53B3-45D4-BC47-27D50B9BF727} = {A73F2606-6D4C-3EEE-1759-0E59DCFEF523}
		{274EF7E4-A110-4820-A128-EA5BACFDA477} = {A73F2606-6D4C-3EEE-1759-0E59DCFEF523}
		{3766148F-C777-4217-9C28-39643D4FB111} = {A73F2606-6D4C-3EEE-1759-0E59DCFEF523}
		{82BA64B2-D8EC-42C6-B67A-6777BB855A31} = {A73F2606-6D4C-3EEE-1759-0E59DCFEF523}
		{80312ECE-7D4A-4646-8B61-2225612047DF} = {A73F2606-6D4C-3EEE-1759-0E59DCFEF523}
		{EA961F2B-60E1-4FBD-A30C-F01F7E5BE2CB} = {A73F2606-6D4C-3EEE-1759-0E59DCFEF523}
	EndGlobalSection
EndGlobal
